// !$*UTF8*$!
{
	archiveVersion = 1;
	classes = {
	};
	objectVersion = 52;
	objects = {

/* Begin PBXBuildFile section */
		A60455F62A36593300871388 /* SwiftTimeMachine in Frameworks */ = {isa = PBXBuildFile; productRef = A60455F52A36593300871388 /* SwiftTimeMachine */; };
		A6E5A65129AACC8700E01AA8 /* Unmounter.swift in Sources */ = {isa = PBXBuildFile; fileRef = A6E5A65029AACC8700E01AA8 /* Unmounter.swift */; };
		A6E5A65729AAE13C00E01AA8 /* SwiftTimeMachine in Frameworks */ = {isa = PBXBuildFile; productRef = A6E5A65629AAE13C00E01AA8 /* SwiftTimeMachine */; };
		F2CCC03B33A1FA23DA69E6A2 /* NotificationListener.swift in Sources */ = {isa = PBXBuildFile; fileRef = F2CCCE2CE2029C00722C5135 /* NotificationListener.swift */; };
		F2CCC1A6541B367D52D62D07 /* UnmountVolumeAfterTimeMachineTests.swift in Sources */ = {isa = PBXBuildFile; fileRef = F2CCC8FA32A4D4F30A2BC46A /* UnmountVolumeAfterTimeMachineTests.swift */; };
		F2CCC4CFFDDDC3BA0D2AE7B9 /* UnmountVolumeAfterTimeMachineApp.swift in Sources */ = {isa = PBXBuildFile; fileRef = F2CCCA767486C6CF29C7D441 /* UnmountVolumeAfterTimeMachineApp.swift */; };
		F2CCC5040DE77059820DD7F8 /* Preview Assets.xcassets in Resources */ = {isa = PBXBuildFile; fileRef = F2CCC1926DAD8A3727EE885D /* Preview Assets.xcassets */; };
		F2CCC820814515D6DCAB37E9 /* UnmountVolumeAfterTimeMachineUITests.swift in Sources */ = {isa = PBXBuildFile; fileRef = F2CCC002F36CF95B5D845628 /* UnmountVolumeAfterTimeMachineUITests.swift */; };
		F2CCC8EB6E68E3DEB0AFA5C0 /* UnmountVolumeAfterTimeMachineUITestsLaunchTests.swift in Sources */ = {isa = PBXBuildFile; fileRef = F2CCC24F630FADB8D066AD59 /* UnmountVolumeAfterTimeMachineUITestsLaunchTests.swift */; };
		F2CCCBC701DF881408C35CF5 /* ContentView.swift in Sources */ = {isa = PBXBuildFile; fileRef = F2CCC2512B36B5CFB6D475B9 /* ContentView.swift */; };
		F2CCCBD253D69F9E744DA10F /* Assets.xcassets in Resources */ = {isa = PBXBuildFile; fileRef = F2CCC08F43D546B9A7B7E93E /* Assets.xcassets */; };
/* End PBXBuildFile section */

/* Begin PBXContainerItemProxy section */
		F2CCC4527BC3D823567E7CB5 /* PBXContainerItemProxy */ = {
			isa = PBXContainerItemProxy;
			containerPortal = F2CCC9BEA8CC0144C4282C2F /* Project object */;
			proxyType = 1;
			remoteGlobalIDString = F2CCC45A096E758D6EC4FF01;
			remoteInfo = UnmountVolumeAfterTimeMachine;
		};
		F2CCCD098EB57F1AE10E182A /* PBXContainerItemProxy */ = {
			isa = PBXContainerItemProxy;
			containerPortal = F2CCC9BEA8CC0144C4282C2F /* Project object */;
			proxyType = 1;
			remoteGlobalIDString = F2CCC45A096E758D6EC4FF01;
			remoteInfo = UnmountVolumeAfterTimeMachine;
		};
/* End PBXContainerItemProxy section */

/* Begin PBXFileReference section */
		A6E5A65029AACC8700E01AA8 /* Unmounter.swift */ = {isa = PBXFileReference; lastKnownFileType = sourcecode.swift; path = Unmounter.swift; sourceTree = "<group>"; };
		A6E5A65429AAD7EB00E01AA8 /* SwiftTimeMachine */ = {isa = PBXFileReference; lastKnownFileType = wrapper; name = SwiftTimeMachine; path = ../SwiftTimeMachine; sourceTree = "<group>"; };
		F2CCC002F36CF95B5D845628 /* UnmountVolumeAfterTimeMachineUITests.swift */ = {isa = PBXFileReference; lastKnownFileType = sourcecode.swift; path = UnmountVolumeAfterTimeMachineUITests.swift; sourceTree = "<group>"; };
		F2CCC08F43D546B9A7B7E93E /* Assets.xcassets */ = {isa = PBXFileReference; lastKnownFileType = folder.assetcatalog; path = Assets.xcassets; sourceTree = "<group>"; };
		F2CCC0D0C32C0AA516385A1F /* UnmounterTests.swift */ = {isa = PBXFileReference; fileEncoding = 4; lastKnownFileType = sourcecode.swift; path = UnmounterTests.swift; sourceTree = "<group>"; };
		F2CCC1926DAD8A3727EE885D /* Preview Assets.xcassets */ = {isa = PBXFileReference; lastKnownFileType = folder.assetcatalog; path = "Preview Assets.xcassets"; sourceTree = "<group>"; };
		F2CCC24F630FADB8D066AD59 /* UnmountVolumeAfterTimeMachineUITestsLaunchTests.swift */ = {isa = PBXFileReference; lastKnownFileType = sourcecode.swift; path = UnmountVolumeAfterTimeMachineUITestsLaunchTests.swift; sourceTree = "<group>"; };
		F2CCC2512B36B5CFB6D475B9 /* ContentView.swift */ = {isa = PBXFileReference; lastKnownFileType = sourcecode.swift; path = ContentView.swift; sourceTree = "<group>"; };
		F2CCC376590ECB1098E6D19D /* UnmountVolumeAfterTimeMachineUITests.xctest */ = {isa = PBXFileReference; explicitFileType = wrapper.cfbundle; includeInIndex = 0; path = UnmountVolumeAfterTimeMachineUITests.xctest; sourceTree = BUILT_PRODUCTS_DIR; };
		F2CCC5529311380B0834F3B8 /* UnmountVolumeAfterTimeMachine.app */ = {isa = PBXFileReference; explicitFileType = wrapper.application; includeInIndex = 0; path = UnmountVolumeAfterTimeMachine.app; sourceTree = BUILT_PRODUCTS_DIR; };
		F2CCC8FA32A4D4F30A2BC46A /* UnmountVolumeAfterTimeMachineTests.swift */ = {isa = PBXFileReference; lastKnownFileType = sourcecode.swift; path = UnmountVolumeAfterTimeMachineTests.swift; sourceTree = "<group>"; };
		F2CCCA767486C6CF29C7D441 /* UnmountVolumeAfterTimeMachineApp.swift */ = {isa = PBXFileReference; lastKnownFileType = sourcecode.swift; path = UnmountVolumeAfterTimeMachineApp.swift; sourceTree = "<group>"; };
		F2CCCB5EF9C5D17B41E2CCE3 /* UnmountVolumeAfterTimeMachineTests.xctest */ = {isa = PBXFileReference; explicitFileType = wrapper.cfbundle; includeInIndex = 0; path = UnmountVolumeAfterTimeMachineTests.xctest; sourceTree = BUILT_PRODUCTS_DIR; };
		F2CCCCE8505447FFE14CB30B /* UnmountVolumeAfterTimeMachine.entitlements */ = {isa = PBXFileReference; lastKnownFileType = text.plist.entitlements; path = UnmountVolumeAfterTimeMachine.entitlements; sourceTree = "<group>"; };
		F2CCCE2CE2029C00722C5135 /* NotificationListener.swift */ = {isa = PBXFileReference; fileEncoding = 4; lastKnownFileType = sourcecode.swift; path = NotificationListener.swift; sourceTree = "<group>"; };
/* End PBXFileReference section */

/* Begin PBXFrameworksBuildPhase section */
		F2CCC1C3DE870C3119C96047 /* Frameworks */ = {
			isa = PBXFrameworksBuildPhase;
			buildActionMask = 2147483647;
			files = (
			);
			runOnlyForDeploymentPostprocessing = 0;
		};
		F2CCC48B8DB9B61193E53C7E /* Frameworks */ = {
			isa = PBXFrameworksBuildPhase;
			buildActionMask = 2147483647;
			files = (
				A6E5A65729AAE13C00E01AA8 /* SwiftTimeMachine in Frameworks */,
				A60455F62A36593300871388 /* SwiftTimeMachine in Frameworks */,
			);
			runOnlyForDeploymentPostprocessing = 0;
		};
		F2CCCFACF8E159E450AC62DE /* Frameworks */ = {
			isa = PBXFrameworksBuildPhase;
			buildActionMask = 2147483647;
			files = (
			);
			runOnlyForDeploymentPostprocessing = 0;
		};
/* End PBXFrameworksBuildPhase section */

/* Begin PBXGroup section */
		A6E5A64E29AAC92700E01AA8 /* Packages */ = {
			isa = PBXGroup;
			children = (
				A6E5A65429AAD7EB00E01AA8 /* SwiftTimeMachine */,
			);
			name = Packages;
			sourceTree = "<group>";
		};
		A6E5A65529AAE13C00E01AA8 /* Frameworks */ = {
			isa = PBXGroup;
			children = (
			);
			name = Frameworks;
			sourceTree = "<group>";
		};
		F2CCC0FC16E3FBC2D5470789 = {
			isa = PBXGroup;
			children = (
				A6E5A64E29AAC92700E01AA8 /* Packages */,
				F2CCCEBFA84C92313B7FC98E /* Products */,
				F2CCC943C893378385CF7696 /* UnmountVolumeAfterTimeMachine */,
				F2CCCF71E4B073F73C519BC8 /* UnmountVolumeAfterTimeMachineTests */,
				F2CCCD23D88956D6613DFE29 /* UnmountVolumeAfterTimeMachineUITests */,
				A6E5A65529AAE13C00E01AA8 /* Frameworks */,
			);
			sourceTree = "<group>";
		};
		F2CCC943C893378385CF7696 /* UnmountVolumeAfterTimeMachine */ = {
			isa = PBXGroup;
			children = (
				F2CCC08F43D546B9A7B7E93E /* Assets.xcassets */,
				F2CCCCE8505447FFE14CB30B /* UnmountVolumeAfterTimeMachine.entitlements */,
				F2CCCC5B8EA743B1475E5FEB /* Preview Content */,
				F2CCCA767486C6CF29C7D441 /* UnmountVolumeAfterTimeMachineApp.swift */,
				F2CCC2512B36B5CFB6D475B9 /* ContentView.swift */,
				A6E5A65029AACC8700E01AA8 /* Unmounter.swift */,
				F2CCCE2CE2029C00722C5135 /* NotificationListener.swift */,
			);
			path = UnmountVolumeAfterTimeMachine;
			sourceTree = "<group>";
		};
		F2CCCC5B8EA743B1475E5FEB /* Preview Content */ = {
			isa = PBXGroup;
			children = (
				F2CCC1926DAD8A3727EE885D /* Preview Assets.xcassets */,
			);
			path = "Preview Content";
			sourceTree = "<group>";
		};
		F2CCCD23D88956D6613DFE29 /* UnmountVolumeAfterTimeMachineUITests */ = {
			isa = PBXGroup;
			children = (
				F2CCC002F36CF95B5D845628 /* UnmountVolumeAfterTimeMachineUITests.swift */,
				F2CCC24F630FADB8D066AD59 /* UnmountVolumeAfterTimeMachineUITestsLaunchTests.swift */,
			);
			path = UnmountVolumeAfterTimeMachineUITests;
			sourceTree = "<group>";
		};
		F2CCCEBFA84C92313B7FC98E /* Products */ = {
			isa = PBXGroup;
			children = (
				F2CCC5529311380B0834F3B8 /* UnmountVolumeAfterTimeMachine.app */,
				F2CCCB5EF9C5D17B41E2CCE3 /* UnmountVolumeAfterTimeMachineTests.xctest */,
				F2CCC376590ECB1098E6D19D /* UnmountVolumeAfterTimeMachineUITests.xctest */,
			);
			name = Products;
			sourceTree = "<group>";
		};
		F2CCCF71E4B073F73C519BC8 /* UnmountVolumeAfterTimeMachineTests */ = {
			isa = PBXGroup;
			children = (
				F2CCC8FA32A4D4F30A2BC46A /* UnmountVolumeAfterTimeMachineTests.swift */,
				F2CCC0D0C32C0AA516385A1F /* UnmounterTests.swift */,
			);
			path = UnmountVolumeAfterTimeMachineTests;
			sourceTree = "<group>";
		};
/* End PBXGroup section */

/* Begin PBXNativeTarget section */
		F2CCC45A096E758D6EC4FF01 /* UnmountVolumeAfterTimeMachine */ = {
			isa = PBXNativeTarget;
			buildConfigurationList = F2CCC3D1EB6EEC69CFB81D85 /* Build configuration list for PBXNativeTarget "UnmountVolumeAfterTimeMachine" */;
			buildPhases = (
				F2CCC7EC06C03C90B15A730B /* Sources */,
				F2CCC48B8DB9B61193E53C7E /* Frameworks */,
				F2CCC061B4B193C056480AED /* Resources */,
			);
			buildRules = (
			);
			dependencies = (
			);
			name = UnmountVolumeAfterTimeMachine;
			packageProductDependencies = (
				A6E5A65629AAE13C00E01AA8 /* SwiftTimeMachine */,
				A60455F52A36593300871388 /* SwiftTimeMachine */,
			);
			productName = UnmountVolumeAfterTimeMachine;
			productReference = F2CCC5529311380B0834F3B8 /* UnmountVolumeAfterTimeMachine.app */;
			productType = "com.apple.product-type.application";
		};
		F2CCC7B68D5A3B1A720C923E /* UnmountVolumeAfterTimeMachineTests */ = {
			isa = PBXNativeTarget;
			buildConfigurationList = F2CCC21EE434B49236652452 /* Build configuration list for PBXNativeTarget "UnmountVolumeAfterTimeMachineTests" */;
			buildPhases = (
				F2CCCCD035C649E42F1F418D /* Sources */,
				F2CCCFACF8E159E450AC62DE /* Frameworks */,
				F2CCC862A8223A7CEBACA7F4 /* Resources */,
			);
			buildRules = (
			);
			dependencies = (
				F2CCC2D99FD0A44D4694F143 /* PBXTargetDependency */,
			);
			name = UnmountVolumeAfterTimeMachineTests;
			productName = UnmountVolumeAfterTimeMachineTests;
			productReference = F2CCCB5EF9C5D17B41E2CCE3 /* UnmountVolumeAfterTimeMachineTests.xctest */;
			productType = "com.apple.product-type.bundle.unit-test";
		};
		F2CCCE112FEE88782F48C945 /* UnmountVolumeAfterTimeMachineUITests */ = {
			isa = PBXNativeTarget;
			buildConfigurationList = F2CCCDD82AE9CF97699EF32E /* Build configuration list for PBXNativeTarget "UnmountVolumeAfterTimeMachineUITests" */;
			buildPhases = (
				F2CCCF0CC9EEE6B8407A9808 /* Sources */,
				F2CCC1C3DE870C3119C96047 /* Frameworks */,
				F2CCC70425F282CB3FDF9C73 /* Resources */,
			);
			buildRules = (
			);
			dependencies = (
				F2CCC13884EAFBBC5A752323 /* PBXTargetDependency */,
			);
			name = UnmountVolumeAfterTimeMachineUITests;
			productName = UnmountVolumeAfterTimeMachineUITests;
			productReference = F2CCC376590ECB1098E6D19D /* UnmountVolumeAfterTimeMachineUITests.xctest */;
			productType = "com.apple.product-type.bundle.ui-testing";
		};
/* End PBXNativeTarget section */

/* Begin PBXProject section */
		F2CCC9BEA8CC0144C4282C2F /* Project object */ = {
			isa = PBXProject;
			attributes = {
				LastUpgradeCheck = 1410;
			};
			buildConfigurationList = F2CCCC9C3B2789E9AB0BCC6A /* Build configuration list for PBXProject "UnmountVolumeAfterTimeMachine" */;
			compatibilityVersion = "Xcode 9.3";
			developmentRegion = en;
			hasScannedForEncodings = 0;
			knownRegions = (
				en,
				Base,
			);
			mainGroup = F2CCC0FC16E3FBC2D5470789;
			packageReferences = (
				A60455F42A36593300871388 /* XCRemoteSwiftPackageReference "SwiftTimeMachine" */,
			);
			productRefGroup = F2CCCEBFA84C92313B7FC98E /* Products */;
			projectDirPath = "";
			projectRoot = "";
			targets = (
				F2CCC45A096E758D6EC4FF01 /* UnmountVolumeAfterTimeMachine */,
				F2CCC7B68D5A3B1A720C923E /* UnmountVolumeAfterTimeMachineTests */,
				F2CCCE112FEE88782F48C945 /* UnmountVolumeAfterTimeMachineUITests */,
			);
		};
/* End PBXProject section */

/* Begin PBXResourcesBuildPhase section */
		F2CCC061B4B193C056480AED /* Resources */ = {
			isa = PBXResourcesBuildPhase;
			buildActionMask = 2147483647;
			files = (
				F2CCCBD253D69F9E744DA10F /* Assets.xcassets in Resources */,
				F2CCC5040DE77059820DD7F8 /* Preview Assets.xcassets in Resources */,
			);
			runOnlyForDeploymentPostprocessing = 0;
		};
		F2CCC70425F282CB3FDF9C73 /* Resources */ = {
			isa = PBXResourcesBuildPhase;
			buildActionMask = 2147483647;
			files = (
			);
			runOnlyForDeploymentPostprocessing = 0;
		};
		F2CCC862A8223A7CEBACA7F4 /* Resources */ = {
			isa = PBXResourcesBuildPhase;
			buildActionMask = 2147483647;
			files = (
			);
			runOnlyForDeploymentPostprocessing = 0;
		};
/* End PBXResourcesBuildPhase section */

/* Begin PBXSourcesBuildPhase section */
		F2CCC7EC06C03C90B15A730B /* Sources */ = {
			isa = PBXSourcesBuildPhase;
			buildActionMask = 2147483647;
			files = (
				A6E5A65129AACC8700E01AA8 /* Unmounter.swift in Sources */,
				F2CCC4CFFDDDC3BA0D2AE7B9 /* UnmountVolumeAfterTimeMachineApp.swift in Sources */,
				F2CCCBC701DF881408C35CF5 /* ContentView.swift in Sources */,
				F2CCC03B33A1FA23DA69E6A2 /* NotificationListener.swift in Sources */,
			);
			runOnlyForDeploymentPostprocessing = 0;
		};
		F2CCCCD035C649E42F1F418D /* Sources */ = {
			isa = PBXSourcesBuildPhase;
			buildActionMask = 2147483647;
			files = (
				F2CCC1A6541B367D52D62D07 /* UnmountVolumeAfterTimeMachineTests.swift in Sources */,
			);
			runOnlyForDeploymentPostprocessing = 0;
		};
		F2CCCF0CC9EEE6B8407A9808 /* Sources */ = {
			isa = PBXSourcesBuildPhase;
			buildActionMask = 2147483647;
			files = (
				F2CCC820814515D6DCAB37E9 /* UnmountVolumeAfterTimeMachineUITests.swift in Sources */,
				F2CCC8EB6E68E3DEB0AFA5C0 /* UnmountVolumeAfterTimeMachineUITestsLaunchTests.swift in Sources */,
			);
			runOnlyForDeploymentPostprocessing = 0;
		};
/* End PBXSourcesBuildPhase section */

/* Begin PBXTargetDependency section */
		F2CCC13884EAFBBC5A752323 /* PBXTargetDependency */ = {
			isa = PBXTargetDependency;
			target = F2CCC45A096E758D6EC4FF01 /* UnmountVolumeAfterTimeMachine */;
			targetProxy = F2CCC4527BC3D823567E7CB5 /* PBXContainerItemProxy */;
		};
		F2CCC2D99FD0A44D4694F143 /* PBXTargetDependency */ = {
			isa = PBXTargetDependency;
			target = F2CCC45A096E758D6EC4FF01 /* UnmountVolumeAfterTimeMachine */;
			targetProxy = F2CCCD098EB57F1AE10E182A /* PBXContainerItemProxy */;
		};
/* End PBXTargetDependency section */

/* Begin XCBuildConfiguration section */
		F2CCC26585522D365EEE721F /* Release */ = {
			isa = XCBuildConfiguration;
			buildSettings = {
				CURRENT_PROJECT_VERSION = 1;
				DEAD_CODE_STRIPPING = YES;
				GENERATE_INFOPLIST_FILE = YES;
				MARKETING_VERSION = 1.0;
				PRODUCT_BUNDLE_IDENTIFIER = ie.brianhenry.UnmountVolumeAfterTimeMachineUITests;
				PRODUCT_NAME = "$(TARGET_NAME)";
				SWIFT_EMIT_LOC_STRINGS = NO;
				SWIFT_VERSION = 5.0;
				TEST_TARGET_NAME = UnmountVolumeAfterTimeMachine;
			};
			name = Release;
		};
		F2CCC29858EA0EDC7352BF13 /* Debug */ = {
			isa = XCBuildConfiguration;
			buildSettings = {
				BUNDLE_LOADER = "$(BUILT_PRODUCTS_DIR)/UnmountVolumeAfterTimeMachine.app/Contents/MacOS/UnmountVolumeAfterTimeMachine";
				CURRENT_PROJECT_VERSION = 1;
				DEAD_CODE_STRIPPING = YES;
				GENERATE_INFOPLIST_FILE = YES;
				MARKETING_VERSION = 1.0;
				PRODUCT_BUNDLE_IDENTIFIER = ie.brianhenry.UnmountVolumeAfterTimeMachineTests;
				PRODUCT_NAME = "$(TARGET_NAME)";
				SWIFT_EMIT_LOC_STRINGS = NO;
				SWIFT_VERSION = 5.0;
				TEST_HOST = "$(BUNDLE_LOADER)";
			};
			name = Debug;
		};
		F2CCC3AA65E49C5D10B872A0 /* Release */ = {
			isa = XCBuildConfiguration;
			buildSettings = {
				ALWAYS_SEARCH_USER_PATHS = NO;
				CLANG_ANALYZER_LOCALIZABILITY_NONLOCALIZED = YES;
				CLANG_ANALYZER_NONNULL = YES;
				CLANG_ANALYZER_NUMBER_OBJECT_CONVERSION = YES_AGGRESSIVE;
				CLANG_CXX_LANGUAGE_STANDARD = "gnu++20";
				CLANG_ENABLE_MODULES = YES;
				CLANG_ENABLE_OBJC_ARC = YES;
				CLANG_ENABLE_OBJC_WEAK = YES;
				CLANG_WARN_BLOCK_CAPTURE_AUTORELEASING = YES;
				CLANG_WARN_BOOL_CONVERSION = YES;
				CLANG_WARN_COMMA = YES;
				CLANG_WARN_CONSTANT_CONVERSION = YES;
				CLANG_WARN_DEPRECATED_OBJC_IMPLEMENTATIONS = YES;
				CLANG_WARN_DIRECT_OBJC_ISA_USAGE = YES_ERROR;
				CLANG_WARN_DOCUMENTATION_COMMENTS = YES;
				CLANG_WARN_EMPTY_BODY = YES;
				CLANG_WARN_ENUM_CONVERSION = YES;
				CLANG_WARN_INFINITE_RECURSION = YES;
				CLANG_WARN_INT_CONVERSION = YES;
				CLANG_WARN_NON_LITERAL_NULL_CONVERSION = YES;
				CLANG_WARN_OBJC_IMPLICIT_RETAIN_SELF = YES;
				CLANG_WARN_OBJC_LITERAL_CONVERSION = YES;
				CLANG_WARN_OBJC_ROOT_CLASS = YES_ERROR;
				CLANG_WARN_QUOTED_INCLUDE_IN_FRAMEWORK_HEADER = YES;
				CLANG_WARN_RANGE_LOOP_ANALYSIS = YES;
				CLANG_WARN_STRICT_PROTOTYPES = YES;
				CLANG_WARN_SUSPICIOUS_MOVE = YES;
				CLANG_WARN_UNGUARDED_AVAILABILITY = YES_AGGRESSIVE;
				CLANG_WARN_UNREACHABLE_CODE = YES;
				CLANG_WARN__DUPLICATE_METHOD_MATCH = YES;
				COPY_PHASE_STRIP = NO;
				DEBUG_INFORMATION_FORMAT = "dwarf-with-dsym";
				ENABLE_NS_ASSERTIONS = NO;
				ENABLE_STRICT_OBJC_MSGSEND = YES;
				GCC_C_LANGUAGE_STANDARD = gnu11;
				GCC_NO_COMMON_BLOCKS = YES;
				GCC_WARN_64_TO_32_BIT_CONVERSION = YES;
				GCC_WARN_ABOUT_RETURN_TYPE = YES_ERROR;
				GCC_WARN_UNDECLARED_SELECTOR = YES;
				GCC_WARN_UNINITIALIZED_AUTOS = YES_AGGRESSIVE;
				GCC_WARN_UNUSED_FUNCTION = YES;
				GCC_WARN_UNUSED_VARIABLE = YES;
				MACOSX_DEPLOYMENT_TARGET = 13.0;
				MTL_ENABLE_DEBUG_INFO = NO;
				MTL_FAST_MATH = YES;
				SDKROOT = macosx;
				SWIFT_COMPILATION_MODE = wholemodule;
				SWIFT_OPTIMIZATION_LEVEL = "-O";
			};
			name = Release;
		};
		F2CCC59DEC327E243E986C82 /* Release */ = {
			isa = XCBuildConfiguration;
			buildSettings = {
				ASSETCATALOG_COMPILER_APPICON_NAME = AppIcon;
				ASSETCATALOG_COMPILER_GLOBAL_ACCENT_COLOR_NAME = AccentColor;
				CODE_SIGN_ENTITLEMENTS = UnmountVolumeAfterTimeMachine/UnmountVolumeAfterTimeMachine.entitlements;
				CODE_SIGN_IDENTITY = "Apple Development";
				"CODE_SIGN_IDENTITY[sdk=macosx*]" = "-";
				CODE_SIGN_STYLE = Automatic;
				COMBINE_HIDPI_IMAGES = YES;
				CURRENT_PROJECT_VERSION = 1;
				DEAD_CODE_STRIPPING = YES;
				DEVELOPMENT_ASSET_PATHS = "\"UnmountVolumeAfterTimeMachine/Preview Content\"";
				DEVELOPMENT_TEAM = 3RM6H33EW7;
				ENABLE_PREVIEWS = YES;
				GENERATE_INFOPLIST_FILE = YES;
				INFOPLIST_KEY_LSUIElement = YES;
				INFOPLIST_KEY_NSHumanReadableCopyright = "";
				LD_RUNPATH_SEARCH_PATHS = (
					"$(inherited)",
					"@executable_path/../Frameworks",
				);
				MARKETING_VERSION = 1.0;
				PRODUCT_BUNDLE_IDENTIFIER = ie.brianhenry.UnmountVolumeAfterTimeMachine;
				PRODUCT_NAME = "$(TARGET_NAME)";
				PROVISIONING_PROFILE_SPECIFIER = "";
				SWIFT_EMIT_LOC_STRINGS = YES;
				SWIFT_VERSION = 5.0;
			};
			name = Release;
		};
		F2CCCB21D067F01850E04FCF /* Debug */ = {
			isa = XCBuildConfiguration;
			buildSettings = {
				CURRENT_PROJECT_VERSION = 1;
				DEAD_CODE_STRIPPING = YES;
				GENERATE_INFOPLIST_FILE = YES;
				MARKETING_VERSION = 1.0;
				PRODUCT_BUNDLE_IDENTIFIER = ie.brianhenry.UnmountVolumeAfterTimeMachineUITests;
				PRODUCT_NAME = "$(TARGET_NAME)";
				SWIFT_EMIT_LOC_STRINGS = NO;
				SWIFT_VERSION = 5.0;
				TEST_TARGET_NAME = UnmountVolumeAfterTimeMachine;
			};
			name = Debug;
		};
		F2CCCE82500C682A8E4B51A9 /* Debug */ = {
			isa = XCBuildConfiguration;
			buildSettings = {
				ALWAYS_SEARCH_USER_PATHS = NO;
				CLANG_ANALYZER_LOCALIZABILITY_NONLOCALIZED = YES;
				CLANG_ANALYZER_NONNULL = YES;
				CLANG_ANALYZER_NUMBER_OBJECT_CONVERSION = YES_AGGRESSIVE;
				CLANG_CXX_LANGUAGE_STANDARD = "gnu++20";
				CLANG_ENABLE_MODULES = YES;
				CLANG_ENABLE_OBJC_ARC = YES;
				CLANG_ENABLE_OBJC_WEAK = YES;
				CLANG_WARN_BLOCK_CAPTURE_AUTORELEASING = YES;
				CLANG_WARN_BOOL_CONVERSION = YES;
				CLANG_WARN_COMMA = YES;
				CLANG_WARN_CONSTANT_CONVERSION = YES;
				CLANG_WARN_DEPRECATED_OBJC_IMPLEMENTATIONS = YES;
				CLANG_WARN_DIRECT_OBJC_ISA_USAGE = YES_ERROR;
				CLANG_WARN_DOCUMENTATION_COMMENTS = YES;
				CLANG_WARN_EMPTY_BODY = YES;
				CLANG_WARN_ENUM_CONVERSION = YES;
				CLANG_WARN_INFINITE_RECURSION = YES;
				CLANG_WARN_INT_CONVERSION = YES;
				CLANG_WARN_NON_LITERAL_NULL_CONVERSION = YES;
				CLANG_WARN_OBJC_IMPLICIT_RETAIN_SELF = YES;
				CLANG_WARN_OBJC_LITERAL_CONVERSION = YES;
				CLANG_WARN_OBJC_ROOT_CLASS = YES_ERROR;
				CLANG_WARN_QUOTED_INCLUDE_IN_FRAMEWORK_HEADER = YES;
				CLANG_WARN_RANGE_LOOP_ANALYSIS = YES;
				CLANG_WARN_STRICT_PROTOTYPES = YES;
				CLANG_WARN_SUSPICIOUS_MOVE = YES;
				CLANG_WARN_UNGUARDED_AVAILABILITY = YES_AGGRESSIVE;
				CLANG_WARN_UNREACHABLE_CODE = YES;
				CLANG_WARN__DUPLICATE_METHOD_MATCH = YES;
				COPY_PHASE_STRIP = NO;
				DEBUG_INFORMATION_FORMAT = dwarf;
				ENABLE_STRICT_OBJC_MSGSEND = YES;
				ENABLE_TESTABILITY = YES;
				GCC_C_LANGUAGE_STANDARD = gnu11;
				GCC_DYNAMIC_NO_PIC = NO;
				GCC_NO_COMMON_BLOCKS = YES;
				GCC_OPTIMIZATION_LEVEL = 0;
				GCC_PREPROCESSOR_DEFINITIONS = (
					"DEBUG=1",
					"$(inherited)",
				);
				GCC_WARN_64_TO_32_BIT_CONVERSION = YES;
				GCC_WARN_ABOUT_RETURN_TYPE = YES_ERROR;
				GCC_WARN_UNDECLARED_SELECTOR = YES;
				GCC_WARN_UNINITIALIZED_AUTOS = YES_AGGRESSIVE;
				GCC_WARN_UNUSED_FUNCTION = YES;
				GCC_WARN_UNUSED_VARIABLE = YES;
				MACOSX_DEPLOYMENT_TARGET = 13.0;
				MTL_ENABLE_DEBUG_INFO = INCLUDE_SOURCE;
				MTL_FAST_MATH = YES;
				ONLY_ACTIVE_ARCH = YES;
				SDKROOT = macosx;
				SWIFT_ACTIVE_COMPILATION_CONDITIONS = DEBUG;
				SWIFT_OPTIMIZATION_LEVEL = "-Onone";
			};
			name = Debug;
		};
		F2CCCEA48A4993A357EF92AA /* Debug */ = {
			isa = XCBuildConfiguration;
			buildSettings = {
				ASSETCATALOG_COMPILER_APPICON_NAME = AppIcon;
				ASSETCATALOG_COMPILER_GLOBAL_ACCENT_COLOR_NAME = AccentColor;
				CODE_SIGN_ENTITLEMENTS = UnmountVolumeAfterTimeMachine/UnmountVolumeAfterTimeMachine.entitlements;
				CODE_SIGN_IDENTITY = "Apple Development";
				"CODE_SIGN_IDENTITY[sdk=macosx*]" = "-";
				CODE_SIGN_STYLE = Automatic;
				COMBINE_HIDPI_IMAGES = YES;
				CURRENT_PROJECT_VERSION = 1;
				DEAD_CODE_STRIPPING = YES;
				DEVELOPMENT_ASSET_PATHS = "\"UnmountVolumeAfterTimeMachine/Preview Content\"";
				DEVELOPMENT_TEAM = 3RM6H33EW7;
				ENABLE_PREVIEWS = YES;
				GENERATE_INFOPLIST_FILE = YES;
				INFOPLIST_KEY_LSUIElement = YES;
				INFOPLIST_KEY_NSHumanReadableCopyright = "";
				LD_RUNPATH_SEARCH_PATHS = (
					"$(inherited)",
					"@executable_path/../Frameworks",
				);
				MARKETING_VERSION = 1.0;
				PRODUCT_BUNDLE_IDENTIFIER = ie.brianhenry.UnmountVolumeAfterTimeMachine;
				PRODUCT_NAME = "$(TARGET_NAME)";
				PROVISIONING_PROFILE_SPECIFIER = "";
				SWIFT_EMIT_LOC_STRINGS = YES;
				SWIFT_VERSION = 5.0;
			};
			name = Debug;
		};
		F2CCCF7661C7AA9E4BACB232 /* Release */ = {
			isa = XCBuildConfiguration;
			buildSettings = {
				BUNDLE_LOADER = "$(BUILT_PRODUCTS_DIR)/UnmountVolumeAfterTimeMachine.app/Contents/MacOS/UnmountVolumeAfterTimeMachine";
				CURRENT_PROJECT_VERSION = 1;
				DEAD_CODE_STRIPPING = YES;
				GENERATE_INFOPLIST_FILE = YES;
				MARKETING_VERSION = 1.0;
				PRODUCT_BUNDLE_IDENTIFIER = ie.brianhenry.UnmountVolumeAfterTimeMachineTests;
				PRODUCT_NAME = "$(TARGET_NAME)";
				SWIFT_EMIT_LOC_STRINGS = NO;
				SWIFT_VERSION = 5.0;
				TEST_HOST = "$(BUNDLE_LOADER)";
			};
			name = Release;
		};
/* End XCBuildConfiguration section */

/* Begin XCConfigurationList section */
		F2CCC21EE434B49236652452 /* Build configuration list for PBXNativeTarget "UnmountVolumeAfterTimeMachineTests" */ = {
			isa = XCConfigurationList;
			buildConfigurations = (
				F2CCC29858EA0EDC7352BF13 /* Debug */,
				F2CCCF7661C7AA9E4BACB232 /* Release */,
			);
			defaultConfigurationIsVisible = 0;
			defaultConfigurationName = Release;
		};
		F2CCC3D1EB6EEC69CFB81D85 /* Build configuration list for PBXNativeTarget "UnmountVolumeAfterTimeMachine" */ = {
			isa = XCConfigurationList;
			buildConfigurations = (
				F2CCCEA48A4993A357EF92AA /* Debug */,
				F2CCC59DEC327E243E986C82 /* Release */,
			);
			defaultConfigurationIsVisible = 0;
			defaultConfigurationName = Release;
		};
		F2CCCC9C3B2789E9AB0BCC6A /* Build configuration list for PBXProject "UnmountVolumeAfterTimeMachine" */ = {
			isa = XCConfigurationList;
			buildConfigurations = (
				F2CCCE82500C682A8E4B51A9 /* Debug */,
				F2CCC3AA65E49C5D10B872A0 /* Release */,
			);
			defaultConfigurationIsVisible = 0;
			defaultConfigurationName = Release;
		};
		F2CCCDD82AE9CF97699EF32E /* Build configuration list for PBXNativeTarget "UnmountVolumeAfterTimeMachineUITests" */ = {
			isa = XCConfigurationList;
			buildConfigurations = (
				F2CCCB21D067F01850E04FCF /* Debug */,
				F2CCC26585522D365EEE721F /* Release */,
			);
			defaultConfigurationIsVisible = 0;
			defaultConfigurationName = Release;
		};
/* End XCConfigurationList section */

/* Begin XCRemoteSwiftPackageReference section */
		A60455F42A36593300871388 /* XCRemoteSwiftPackageReference "SwiftTimeMachine" */ = {
			isa = XCRemoteSwiftPackageReference;
			repositoryURL = "https://github.com/BrianHenryIE/SwiftTimeMachine";
			requirement = {
				branch = master;
				kind = branch;
			};
		};
/* End XCRemoteSwiftPackageReference section */

/* Begin XCSwiftPackageProductDependency section */
		A60455F52A36593300871388 /* SwiftTimeMachine */ = {
			isa = XCSwiftPackageProductDependency;
			package = A60455F42A36593300871388 /* XCRemoteSwiftPackageReference "SwiftTimeMachine" */;
			productName = SwiftTimeMachine;
		};
		A6E5A65629AAE13C00E01AA8 /* SwiftTimeMachine */ = {
			isa = XCSwiftPackageProductDependency;
			productName = SwiftTimeMachine;
		};
/* End XCSwiftPackageProductDependency section */
	};
	rootObject = F2CCC9BEA8CC0144C4282C2F /* Project object */;
}
